
Microsoft Visual Studio Solution File, Format Version 12.00
# Visual Studio Version 17
VisualStudioVersion = 17.0.31903.59
MinimumVisualStudioVersion = 10.0.40219.1
Project("{FAE04EC0-301F-11D3-BF4B-00C04F79EFBC}") = "Pirita", "Framework\Pirita.csproj", "{610ACB59-7510-4754-BB8C-B882AB8930B2}"
EndProject
Project("{FAE04EC0-301F-11D3-BF4B-00C04F79EFBC}") = "Pirita.Tests", "Tests\Pirita.Tests.csproj", "{77CE8387-AEE1-45BE-86BB-7E380BE8D8B9}"
EndProject
Global
	GlobalSection(SolutionConfigurationPlatforms) = preSolution
		Debug|Any CPU = Debug|Any CPU
		Release|Any CPU = Release|Any CPU
	EndGlobalSection
	GlobalSection(SolutionProperties) = preSolution
		HideSolutionNode = FALSE
	EndGlobalSection
	GlobalSection(ProjectConfigurationPlatforms) = postSolution
		{610ACB59-7510-4754-BB8C-B882AB8930B2}.Debug|Any CPU.ActiveCfg = Debug|Any CPU
		{610ACB59-7510-4754-BB8C-B882AB8930B2}.Debug|Any CPU.Build.0 = Debug|Any CPU
		{610ACB59-7510-4754-BB8C-B882AB8930B2}.Release|Any CPU.ActiveCfg = Release|Any CPU
		{610ACB59-7510-4754-BB8C-B882AB8930B2}.Release|Any CPU.Build.0 = Release|Any CPU
		{77CE8387-AEE1-45BE-86BB-7E380BE8D8B9}.Debug|Any CPU.ActiveCfg = Debug|Any CPU
		{77CE8387-AEE1-45BE-86BB-7E380BE8D8B9}.Debug|Any CPU.Build.0 = Debug|Any CPU
		{77CE8387-AEE1-45BE-86BB-7E380BE8D8B9}.Release|Any CPU.ActiveCfg = Release|Any CPU
		{77CE8387-AEE1-45BE-86BB-7E380BE8D8B9}.Release|Any CPU.Build.0 = Release|Any CPU
	EndGlobalSection
EndGlobal
